version: 6
environments:
  default:
    channels:
    - url: https://prefix.dev/conda-forge/
    packages:
      linux-64:
      - conda: https://prefix.dev/conda-forge/linux-64/_libgcc_mutex-0.1-conda_forge.tar.bz2
      - conda: https://prefix.dev/conda-forge/linux-64/_openmp_mutex-4.5-2_gnu.tar.bz2
      - conda: https://prefix.dev/conda-forge/linux-64/libgcc-15.1.0-h767d61c_3.conda
      - conda: https://prefix.dev/conda-forge/linux-64/libgomp-15.1.0-h767d61c_3.conda
      - conda: https://prefix.dev/conda-forge/linux-64/libstdcxx-15.1.0-h8f9b012_3.conda
      - conda: package_a
        subdir: linux-64
      - conda: package_b
        subdir: linux-64
      osx-arm64:
      - conda: https://prefix.dev/conda-forge/osx-arm64/libcxx-20.1.8-hf598326_1.conda
      - conda: package_a
        subdir: osx-arm64
      - conda: package_b
        subdir: osx-arm64
      win-64:
      - conda: https://prefix.dev/conda-forge/win-64/ucrt-10.0.22621.0-h57928b3_1.conda
      - conda: https://prefix.dev/conda-forge/win-64/vc-14.3-h41ae7f8_27.conda
      - conda: https://prefix.dev/conda-forge/win-64/vc14_runtime-14.44.35208-h818238b_27.conda
      - conda: package_a
        subdir: win-64
      - conda: package_b
        subdir: win-64
packages:
- conda: https://prefix.dev/conda-forge/linux-64/_libgcc_mutex-0.1-conda_forge.tar.bz2
  sha256: fe51de6107f9edc7aa4f786a70f4a883943bc9d39b3bb7307c04c41410990726
  md5: d7c89558ba9fa0495403155b64376d81
  license: None
  size: 2562
  timestamp: 1578324546067
- conda: https://prefix.dev/conda-forge/linux-64/_openmp_mutex-4.5-2_gnu.tar.bz2
  build_number: 16
  sha256: fbe2c5e56a653bebb982eda4876a9178aedfc2b545f25d0ce9c4c0b508253d22
  md5: 73aaf86a425cc6e73fcf236a5a46396d
  depends:
  - _libgcc_mutex 0.1 conda_forge
  - libgomp >=7.5.0
  constrains:
  - openmp_impl 9999
  license: BSD-3-Clause
  license_family: BSD
  size: 23621
  timestamp: 1650670423406
- conda: https://prefix.dev/conda-forge/osx-arm64/libcxx-20.1.8-hf598326_1.conda
  sha256: 119b3ac75cb1ea29981e5053c2cb10d5f0b06fcc81b486cb7281f160daf673a1
  md5: a69ef3239d3268ef8602c7a7823fd982
  depends:
  - __osx >=11.0
  license: Apache-2.0 WITH LLVM-exception
  license_family: Apache
  size: 568267
  timestamp: 1752814881595
- conda: https://prefix.dev/conda-forge/linux-64/libgcc-15.1.0-h767d61c_3.conda
  sha256: 59a87161212abe8acc57d318b0cc8636eb834cdfdfddcf1f588b5493644b39a3
  md5: 9e60c55e725c20d23125a5f0dd69af5d
  depends:
  - __glibc >=2.17,<3.0.a0
  - _openmp_mutex >=4.5
  constrains:
  - libgcc-ng ==15.1.0=*_3
  - libgomp 15.1.0 h767d61c_3
  license: GPL-3.0-only WITH GCC-exception-3.1
  license_family: GPL
  size: 824921
  timestamp: 1750808216066
- conda: https://prefix.dev/conda-forge/linux-64/libgomp-15.1.0-h767d61c_3.conda
  sha256: 43710ab4de0cd7ff8467abff8d11e7bb0e36569df04ce1c099d48601818f11d1
  md5: 3cd1a7238a0dd3d0860fdefc496cc854
  depends:
  - __glibc >=2.17,<3.0.a0
  license: GPL-3.0-only WITH GCC-exception-3.1
  license_family: GPL
  size: 447068
  timestamp: 1750808138400
- conda: https://prefix.dev/conda-forge/linux-64/libstdcxx-15.1.0-h8f9b012_3.conda
  sha256: 7650837344b7850b62fdba02155da0b159cf472b9ab59eb7b472f7bd01dff241
  md5: 6d11a5edae89fe413c0569f16d308f5a
  depends:
  - __glibc >=2.17,<3.0.a0
  - libgcc 15.1.0 h767d61c_3
  license: GPL-3.0-only WITH GCC-exception-3.1
  license_family: GPL
  size: 3896407
  timestamp: 1750808251302
- conda: package_a
  name: package_a
  version: 0.1.0
  build: hbf21a9e_0
  subdir: linux-64
  depends:
  - package_b
  - libstdcxx >=15
  - libgcc >=15
  input:
    hash: 2ca868cb66fc757567f19c5b2d695164c319867b55ae725502b924d90204c6c3
    globs: []
  sources:
    package_b:
      path: ../package_b
- conda: package_a
  name: package_a
  version: 0.1.0
  build: hbf21a9e_0
  subdir: osx-arm64
  depends:
  - package_b
  - libcxx >=20
  input:
    hash: 2ca868cb66fc757567f19c5b2d695164c319867b55ae725502b924d90204c6c3
    globs: []
  sources:
    package_b:
      path: ../package_b
- conda: package_a
  name: package_a
  version: 0.1.0
  build: hbf21a9e_0
  subdir: win-64
  depends:
  - package_b
  - vc >=14.1,<15
  - vc14_runtime >=14.16.27033
  input:
    hash: 2ca868cb66fc757567f19c5b2d695164c319867b55ae725502b924d90204c6c3
    globs: []
  sources:
    package_b:
      path: ../package_b
- conda: package_b
  name: package_b
  version: 0.1.0
  build: hbf21a9e_0
  subdir: linux-64
  depends:
  - libstdcxx >=15
  - libgcc >=15
  input:
    hash: 590a21345d066439a27bc8bd9d9290e9665e0766504270c05814ff59a9b69212
    globs: []
- conda: package_b
  name: package_b
  version: 0.1.0
  build: hbf21a9e_0
  subdir: osx-arm64
  depends:
  - libcxx >=20
  input:
    hash: 590a21345d066439a27bc8bd9d9290e9665e0766504270c05814ff59a9b69212
    globs: []
- conda: package_b
  name: package_b
  version: 0.1.0
  build: hbf21a9e_0
  subdir: win-64
  depends:
  - vc >=14.1,<15
  - vc14_runtime >=14.16.27033
  input:
    hash: 590a21345d066439a27bc8bd9d9290e9665e0766504270c05814ff59a9b69212
    globs: []
- conda: https://prefix.dev/conda-forge/win-64/ucrt-10.0.22621.0-h57928b3_1.conda
  sha256: db8dead3dd30fb1a032737554ce91e2819b43496a0db09927edf01c32b577450
  md5: 6797b005cd0f439c4c5c9ac565783700
  constrains:
  - vs2015_runtime >=14.29.30037
  license: LicenseRef-MicrosoftWindowsSDK10
  size: 559710
  timestamp: 1728377334097
- conda: https://prefix.dev/conda-forge/win-64/vc-14.3-h41ae7f8_27.conda
  sha256: 869f36dbf3c78d38b5b883040801d399280b23920ff07168510719ed44c31b48
  md5: ce337b923b7b1b19afb12111f7d31064
  depends:
  - vc14_runtime >=14.44.35208
  track_features:
  - vc14
  license: BSD-3-Clause
  license_family: BSD
  size: 18212
  timestamp: 1752814700701
- conda: https://prefix.dev/conda-forge/win-64/vc14_runtime-14.44.35208-h818238b_27.conda
  sha256: 6b3afa7a7a74be39a1206c859eaf2e03ea5539eafa65547dbe79f198693a4f3f
  md5: edb5e5d54d60255914189991327ad381
  depends:
  - ucrt >=10.0.20348.0
  constrains:
  - vs2015_runtime 14.44.35208.* *_27
  license: LicenseRef-MicrosoftVisualCpp2015-2022Runtime
  license_family: Proprietary
  size: 757579
  timestamp: 1752814697230
