version: 6
environments:
  default:
    channels:
    - url: https://prefix.dev/conda-forge/
    packages:
      osx-arm64:
      - conda: ./recipes/linkerd
packages:
- conda: ./recipes/linkerd
  name: linkerd
  version: 25.5.2
  build: h60d57d3_0
  subdir: osx-arm64
  license: Apache-2.0
  input:
    hash: 96b8abf769786531d186ea41acb6fe54ae980c8167d693daeb1605e291a68dc2
    globs:
    - recipe.yaml
