version: 6
environments:
  default:
    channels:
    - url: https://prefix.dev/conda-forge/
    packages:
      linux-64:
      - conda: https://prefix.dev/conda-forge/linux-64/_libgcc_mutex-0.1-conda_forge.tar.bz2
      - conda: https://prefix.dev/conda-forge/linux-64/_openmp_mutex-4.5-2_gnu.tar.bz2
      - conda: https://prefix.dev/conda-forge/linux-64/libgcc-15.1.0-h767d61c_4.conda
      - conda: https://prefix.dev/conda-forge/linux-64/libgomp-15.1.0-h767d61c_4.conda
      - conda: https://prefix.dev/conda-forge/linux-64/libstdcxx-15.1.0-h8f9b012_4.conda
      - conda: .
        subdir: linux-64
      osx-64:
      - conda: https://prefix.dev/conda-forge/osx-64/libcxx-20.1.8-h3d58e20_1.conda
      - conda: .
        subdir: osx-64
      osx-arm64:
      - conda: https://prefix.dev/conda-forge/osx-arm64/libcxx-20.1.8-hf598326_1.conda
      - conda: .
        subdir: osx-arm64
      win-64:
      - conda: https://prefix.dev/conda-forge/win-64/ucrt-10.0.22621.0-h57928b3_1.conda
      - conda: https://prefix.dev/conda-forge/win-64/vc-14.3-h41ae7f8_31.conda
      - conda: https://prefix.dev/conda-forge/win-64/vc14_runtime-14.44.35208-h818238b_31.conda
      - conda: https://prefix.dev/conda-forge/win-64/vcomp14-14.44.35208-h818238b_31.conda
      - conda: .
        build: h9352c13_0
packages:
- conda: https://prefix.dev/conda-forge/linux-64/_libgcc_mutex-0.1-conda_forge.tar.bz2
  sha256: fe51de6107f9edc7aa4f786a70f4a883943bc9d39b3bb7307c04c41410990726
  md5: d7c89558ba9fa0495403155b64376d81
  license: None
  size: 2562
  timestamp: 1578324546067
- conda: https://prefix.dev/conda-forge/linux-64/_openmp_mutex-4.5-2_gnu.tar.bz2
  build_number: 16
  sha256: fbe2c5e56a653bebb982eda4876a9178aedfc2b545f25d0ce9c4c0b508253d22
  md5: 73aaf86a425cc6e73fcf236a5a46396d
  depends:
  - _libgcc_mutex 0.1 conda_forge
  - libgomp >=7.5.0
  constrains:
  - openmp_impl 9999
  license: BSD-3-Clause
  license_family: BSD
  size: 23621
  timestamp: 1650670423406
- conda: https://prefix.dev/conda-forge/osx-64/libcxx-20.1.8-h3d58e20_1.conda
  sha256: 9643d6c5a94499cddb5ae1bccc4f78aef8cfd77bcf6b37ad325bc7232a8a870f
  md5: d2db320b940047515f7a27f870984fe7
  depends:
  - __osx >=10.13
  license: Apache-2.0 WITH LLVM-exception
  license_family: Apache
  size: 564830
  timestamp: 1752814841086
- conda: https://prefix.dev/conda-forge/osx-arm64/libcxx-20.1.8-hf598326_1.conda
  sha256: 119b3ac75cb1ea29981e5053c2cb10d5f0b06fcc81b486cb7281f160daf673a1
  md5: a69ef3239d3268ef8602c7a7823fd982
  depends:
  - __osx >=11.0
  license: Apache-2.0 WITH LLVM-exception
  license_family: Apache
  size: 568267
  timestamp: 1752814881595
- conda: https://prefix.dev/conda-forge/linux-64/libgcc-15.1.0-h767d61c_4.conda
  sha256: 144e35c1c2840f2dc202f6915fc41879c19eddbb8fa524e3ca4aa0d14018b26f
  md5: f406dcbb2e7bef90d793e50e79a2882b
  depends:
  - __glibc >=2.17,<3.0.a0
  - _openmp_mutex >=4.5
  constrains:
  - libgcc-ng ==15.1.0=*_4
  - libgomp 15.1.0 h767d61c_4
  license: GPL-3.0-only WITH GCC-exception-3.1
  license_family: GPL
  size: 824153
  timestamp: 1753903866511
- conda: https://prefix.dev/conda-forge/linux-64/libgomp-15.1.0-h767d61c_4.conda
  sha256: e0487a8fec78802ac04da0ac1139c3510992bc58a58cde66619dde3b363c2933
  md5: 3baf8976c96134738bba224e9ef6b1e5
  depends:
  - __glibc >=2.17,<3.0.a0
  license: GPL-3.0-only WITH GCC-exception-3.1
  license_family: GPL
  size: 447289
  timestamp: 1753903801049
- conda: https://prefix.dev/conda-forge/linux-64/libstdcxx-15.1.0-h8f9b012_4.conda
  sha256: b5b239e5fca53ff90669af1686c86282c970dd8204ebf477cf679872eb6d48ac
  md5: 3c376af8888c386b9d3d1c2701e2f3ab
  depends:
  - __glibc >=2.17,<3.0.a0
  - libgcc 15.1.0 h767d61c_4
  license: GPL-3.0-only WITH GCC-exception-3.1
  license_family: GPL
  size: 3903453
  timestamp: 1753903894186
- conda: .
  name: simple-app
  version: 0.1.0
  build: h9352c13_0
  subdir: win-64
  depends:
  - vc >=14.2,<15
  - vc14_runtime >=14.29.30139
  - ucrt >=10.0.20348.0
  input:
    hash: 8d1d52341921800e7ab8a779709ab7deec64a6281480dfda121b9e6aaea71c4d
    globs: []
- conda: .
  name: simple-app
  version: 0.1.0
  build: hbf21a9e_0
  subdir: linux-64
  depends:
  - libstdcxx >=15
  - libgcc >=15
  input:
    hash: 8d1d52341921800e7ab8a779709ab7deec64a6281480dfda121b9e6aaea71c4d
    globs: []
- conda: .
  name: simple-app
  version: 0.1.0
  build: hbf21a9e_0
  subdir: osx-64
  depends:
  - libcxx >=20
  input:
    hash: 8d1d52341921800e7ab8a779709ab7deec64a6281480dfda121b9e6aaea71c4d
    globs: []
- conda: .
  name: simple-app
  version: 0.1.0
  build: hbf21a9e_0
  subdir: osx-arm64
  depends:
  - libcxx >=20
  input:
    hash: 8d1d52341921800e7ab8a779709ab7deec64a6281480dfda121b9e6aaea71c4d
    globs: []
- conda: https://prefix.dev/conda-forge/win-64/ucrt-10.0.22621.0-h57928b3_1.conda
  sha256: db8dead3dd30fb1a032737554ce91e2819b43496a0db09927edf01c32b577450
  md5: 6797b005cd0f439c4c5c9ac565783700
  constrains:
  - vs2015_runtime >=14.29.30037
  license: LicenseRef-MicrosoftWindowsSDK10
  size: 559710
  timestamp: 1728377334097
- conda: https://prefix.dev/conda-forge/win-64/vc-14.3-h41ae7f8_31.conda
  sha256: cb357591d069a1e6cb74199a8a43a7e3611f72a6caed9faa49dbb3d7a0a98e0b
  md5: 28f4ca1e0337d0f27afb8602663c5723
  depends:
  - vc14_runtime >=14.44.35208
  track_features:
  - vc14
  license: BSD-3-Clause
  license_family: BSD
  size: 18249
  timestamp: 1753739241465
- conda: https://prefix.dev/conda-forge/win-64/vc14_runtime-14.44.35208-h818238b_31.conda
  sha256: af4b4b354b87a9a8d05b8064ff1ea0b47083274f7c30b4eb96bc2312c9b5f08f
  md5: 603e41da40a765fd47995faa021da946
  depends:
  - ucrt >=10.0.20348.0
  - vcomp14 14.44.35208 h818238b_31
  constrains:
  - vs2015_runtime 14.44.35208.* *_31
  license: LicenseRef-MicrosoftVisualCpp2015-2022Runtime
  license_family: Proprietary
  size: 682424
  timestamp: 1753739239305
- conda: https://prefix.dev/conda-forge/win-64/vcomp14-14.44.35208-h818238b_31.conda
  sha256: 67b317b64f47635415776718d25170a9a6f9a1218c0f5a6202bfd687e07b6ea4
  md5: a6b1d5c1fc3cb89f88f7179ee6a9afe3
  depends:
  - ucrt >=10.0.20348.0
  constrains:
  - vs2015_runtime 14.44.35208.* *_31
  license: LicenseRef-MicrosoftVisualCpp2015-2022Runtime
  license_family: Proprietary
  size: 113963
  timestamp: 1753739198723
