version: 6
environments:
  default:
    channels:
    - url: https://prefix.dev/pixi-build-backends/
    - url: https://prefix.dev/conda-forge/
    packages:
      linux-64:
      - conda: https://prefix.dev/conda-forge/linux-64/_libgcc_mutex-0.1-conda_forge.tar.bz2
      - conda: https://prefix.dev/conda-forge/linux-64/_openmp_mutex-4.5-2_gnu.tar.bz2
      - conda: https://prefix.dev/conda-forge/linux-64/libgcc-15.1.0-h767d61c_3.conda
      - conda: https://prefix.dev/conda-forge/linux-64/libgomp-15.1.0-h767d61c_3.conda
      - conda: https://prefix.dev/conda-forge/linux-64/libstdcxx-15.1.0-h8f9b012_3.conda
      - conda: .
        subdir: linux-64
      osx-64:
      - conda: https://prefix.dev/conda-forge/osx-64/libcxx-20.1.8-h3d58e20_1.conda
      - conda: .
        subdir: osx-64
      osx-arm64:
      - conda: https://prefix.dev/conda-forge/osx-arm64/libcxx-20.1.8-hf598326_1.conda
      - conda: .
        subdir: osx-arm64
      win-64:
      - conda: https://prefix.dev/conda-forge/win-64/ucrt-10.0.22621.0-h57928b3_1.conda
      - conda: https://prefix.dev/conda-forge/win-64/vc-14.3-h2b53caa_30.conda
      - conda: https://prefix.dev/conda-forge/win-64/vc14_runtime-14.44.35208-h818238b_30.conda
      - conda: .
        build: h9352c13_0
packages:
- conda: https://prefix.dev/conda-forge/linux-64/_libgcc_mutex-0.1-conda_forge.tar.bz2
  sha256: fe51de6107f9edc7aa4f786a70f4a883943bc9d39b3bb7307c04c41410990726
  md5: d7c89558ba9fa0495403155b64376d81
  license: None
  size: 2562
  timestamp: 1578324546067
- conda: https://prefix.dev/conda-forge/linux-64/_openmp_mutex-4.5-2_gnu.tar.bz2
  build_number: 16
  sha256: fbe2c5e56a653bebb982eda4876a9178aedfc2b545f25d0ce9c4c0b508253d22
  md5: 73aaf86a425cc6e73fcf236a5a46396d
  depends:
  - _libgcc_mutex 0.1 conda_forge
  - libgomp >=7.5.0
  constrains:
  - openmp_impl 9999
  license: BSD-3-Clause
  license_family: BSD
  size: 23621
  timestamp: 1650670423406
- conda: https://prefix.dev/conda-forge/osx-64/libcxx-20.1.8-h3d58e20_1.conda
  sha256: 9643d6c5a94499cddb5ae1bccc4f78aef8cfd77bcf6b37ad325bc7232a8a870f
  md5: d2db320b940047515f7a27f870984fe7
  depends:
  - __osx >=10.13
  license: Apache-2.0 WITH LLVM-exception
  license_family: Apache
  size: 564830
  timestamp: 1752814841086
- conda: https://prefix.dev/conda-forge/osx-arm64/libcxx-20.1.8-hf598326_1.conda
  sha256: 119b3ac75cb1ea29981e5053c2cb10d5f0b06fcc81b486cb7281f160daf673a1
  md5: a69ef3239d3268ef8602c7a7823fd982
  depends:
  - __osx >=11.0
  license: Apache-2.0 WITH LLVM-exception
  license_family: Apache
  size: 568267
  timestamp: 1752814881595
- conda: https://prefix.dev/conda-forge/linux-64/libgcc-15.1.0-h767d61c_3.conda
  sha256: 59a87161212abe8acc57d318b0cc8636eb834cdfdfddcf1f588b5493644b39a3
  md5: 9e60c55e725c20d23125a5f0dd69af5d
  depends:
  - __glibc >=2.17,<3.0.a0
  - _openmp_mutex >=4.5
  constrains:
  - libgcc-ng ==15.1.0=*_3
  - libgomp 15.1.0 h767d61c_3
  license: GPL-3.0-only WITH GCC-exception-3.1
  license_family: GPL
  size: 824921
  timestamp: 1750808216066
- conda: https://prefix.dev/conda-forge/linux-64/libgomp-15.1.0-h767d61c_3.conda
  sha256: 43710ab4de0cd7ff8467abff8d11e7bb0e36569df04ce1c099d48601818f11d1
  md5: 3cd1a7238a0dd3d0860fdefc496cc854
  depends:
  - __glibc >=2.17,<3.0.a0
  license: GPL-3.0-only WITH GCC-exception-3.1
  license_family: GPL
  size: 447068
  timestamp: 1750808138400
- conda: https://prefix.dev/conda-forge/linux-64/libstdcxx-15.1.0-h8f9b012_3.conda
  sha256: 7650837344b7850b62fdba02155da0b159cf472b9ab59eb7b472f7bd01dff241
  md5: 6d11a5edae89fe413c0569f16d308f5a
  depends:
  - __glibc >=2.17,<3.0.a0
  - libgcc 15.1.0 h767d61c_3
  license: GPL-3.0-only WITH GCC-exception-3.1
  license_family: GPL
  size: 3896407
  timestamp: 1750808251302
- conda: .
  name: simple-app
  version: 0.1.0
  build: h9352c13_0
  subdir: win-64
  depends:
  - vc >=14.2,<15
  - vc14_runtime >=14.29.30139
  - ucrt >=10.0.20348.0
  input:
    hash: bd2360cb8334c66dfce6e40e954ff9e39fbd48a0537169238f4e57869238e026
    globs: []
- conda: .
  name: simple-app
  version: 0.1.0
  build: hbf21a9e_0
  subdir: linux-64
  depends:
  - libstdcxx >=15
  - libgcc >=15
  input:
    hash: bd2360cb8334c66dfce6e40e954ff9e39fbd48a0537169238f4e57869238e026
    globs: []
- conda: .
  name: simple-app
  version: 0.1.0
  build: hbf21a9e_0
  subdir: osx-64
  depends:
  - libcxx >=20
  input:
    hash: bd2360cb8334c66dfce6e40e954ff9e39fbd48a0537169238f4e57869238e026
    globs: []
- conda: .
  name: simple-app
  version: 0.1.0
  build: hbf21a9e_0
  subdir: osx-arm64
  depends:
  - libcxx >=20
  input:
    hash: bd2360cb8334c66dfce6e40e954ff9e39fbd48a0537169238f4e57869238e026
    globs: []
- conda: https://prefix.dev/conda-forge/win-64/ucrt-10.0.22621.0-h57928b3_1.conda
  sha256: db8dead3dd30fb1a032737554ce91e2819b43496a0db09927edf01c32b577450
  md5: 6797b005cd0f439c4c5c9ac565783700
  constrains:
  - vs2015_runtime >=14.29.30037
  license: LicenseRef-MicrosoftWindowsSDK10
  size: 559710
  timestamp: 1728377334097
- conda: https://prefix.dev/conda-forge/win-64/vc-14.3-h2b53caa_30.conda
  sha256: 8e16a8c3270d88735234a8097d45efea02b49751800c83b6fd5f2167a3828f52
  md5: 76b6febe6dea7991df4c86f826f396c5
  depends:
  - vc14_runtime >=14.42.34433
  track_features:
  - vc14
  license: BSD-3-Clause
  license_family: BSD
  size: 17962
  timestamp: 1753139853244
- conda: https://prefix.dev/conda-forge/win-64/vc14_runtime-14.44.35208-h818238b_30.conda
  sha256: 2958ef637509d69ea496b091dc579f1bf38687575b65744e73d157cfe56c9eca
  md5: fa6802b52e903c42f882ecd67731e10a
  depends:
  - ucrt >=10.0.20348.0
  constrains:
  - vs2015_runtime 14.44.35208.* *_30
  license: LicenseRef-MicrosoftVisualCpp2015-2022Runtime
  license_family: Proprietary
  size: 754911
  timestamp: 1753139843755
